
Microsoft Visual Studio Solution File, Format Version 12.00
# Visual Studio Version 17
VisualStudioVersion = 17.13.35818.85 d17.13
MinimumVisualStudioVersion = 10.0.40219.1
Project("{FAE04EC0-301F-11D3-BF4B-00C04F79EFBC}") = "Erp_sistemi1", "Erp_sistemi1.csproj", "{55156682-51D1-48A7-9DB3-2BBB548225FF}"
EndProject
Global
	GlobalSection(SolutionConfigurationPlatforms) = preSolution
		Debug|Any CPU = Debug|Any CPU
		Release|Any CPU = Release|Any CPU
	EndGlobalSection
	GlobalSection(ProjectConfigurationPlatforms) = postSolution
		{55156682-51D1-48A7-9DB3-2BBB548225FF}.Debug|Any CPU.ActiveCfg = Debug|Any CPU
		{55156682-51D1-48A7-9DB3-2BBB548225FF}.Debug|Any CPU.Build.0 = Debug|Any CPU
		{55156682-51D1-48A7-9DB3-2BBB548225FF}.Release|Any CPU.ActiveCfg = Release|Any CPU
		{55156682-51D1-48A7-9DB3-2BBB548225FF}.Release|Any CPU.Build.0 = Release|Any CPU
	EndGlobalSection
	GlobalSection(SolutionProperties) = preSolution
		HideSolutionNode = FALSE
	EndGlobalSection
	GlobalSection(ExtensibilityGlobals) = postSolution
		SolutionGuid = {D69CCE07-3CCC-4BAA-BD26-D1BD79E8D490}
	EndGlobalSection
EndGlobal
